
Microsoft Visual Studio Solution File, Format Version 12.00
# Visual Studio 15
VisualStudioVersion = 15.0.28010.2048
MinimumVisualStudioVersion = 10.0.40219.1
Project("{FAE04EC0-301F-11D3-BF4B-00C04F79EFBC}") = "LMS", "LMS\LMS.csproj", "{BA707CEA-E2F0-4BF5-A5F5-413AACEC8625}"
EndProject
Global
	GlobalSection(SolutionConfigurationPlatforms) = preSolution
		Debug|Any CPU = Debug|Any CPU
		Release|Any CPU = Release|Any CPU
	EndGlobalSection
	GlobalSection(ProjectConfigurationPlatforms) = postSolution
		{BA707CEA-E2F0-4BF5-A5F5-413AACEC8625}.Debug|Any CPU.ActiveCfg = Debug|Any CPU
		{BA707CEA-E2F0-4BF5-A5F5-413AACEC8625}.Debug|Any CPU.Build.0 = Debug|Any CPU
		{BA707CEA-E2F0-4BF5-A5F5-413AACEC8625}.Release|Any CPU.ActiveCfg = Release|Any CPU
		{BA707CEA-E2F0-4BF5-A5F5-413AACEC8625}.Release|Any CPU.Build.0 = Release|Any CPU
	EndGlobalSection
	GlobalSection(SolutionProperties) = preSolution
		HideSolutionNode = FALSE
	EndGlobalSection
	GlobalSection(ExtensibilityGlobals) = postSolution
		SolutionGuid = {24D6DC5C-D81E-47AD-A4D1-EDC68BFC742B}
	EndGlobalSection
EndGlobal
